
Microsoft Visual Studio Solution File, Format Version 12.00
# Visual Studio Version 16
VisualStudioVersion = 16.0.30503.244
MinimumVisualStudioVersion = 10.0.40219.1
Project("{FAE04EC0-301F-11D3-BF4B-00C04F79EFBC}") = "Test", "Test\Test.csproj", "{EB891CDE-4525-4FAA-9F60-578DC900C27F}"
EndProject
Global
	GlobalSection(SolutionConfigurationPlatforms) = preSolution
		Debug|Any CPU = Debug|Any CPU
		Release|Any CPU = Release|Any CPU
	EndGlobalSection
	GlobalSection(ProjectConfigurationPlatforms) = postSolution
		{EB891CDE-4525-4FAA-9F60-578DC900C27F}.Debug|Any CPU.ActiveCfg = Debug|Any CPU
		{EB891CDE-4525-4FAA-9F60-578DC900C27F}.Debug|Any CPU.Build.0 = Debug|Any CPU
		{EB891CDE-4525-4FAA-9F60-578DC900C27F}.Debug|Any CPU.Deploy.0 = Debug|Any CPU
		{EB891CDE-4525-4FAA-9F60-578DC900C27F}.Release|Any CPU.ActiveCfg = Release|Any CPU
		{EB891CDE-4525-4FAA-9F60-578DC900C27F}.Release|Any CPU.Build.0 = Release|Any CPU
		{EB891CDE-4525-4FAA-9F60-578DC900C27F}.Release|Any CPU.Deploy.0 = Release|Any CPU
	EndGlobalSection
	GlobalSection(SolutionProperties) = preSolution
		HideSolutionNode = FALSE
	EndGlobalSection
	GlobalSection(ExtensibilityGlobals) = postSolution
		SolutionGuid = {A9C0E146-EACA-48CB-95A3-E0304EDF3698}
	EndGlobalSection
EndGlobal
